# This file is automatically @generated by Poetry 2.1.1 and should not be changed by hand.

[[package]]
name = "annotated-types"
version = "0.7.0"
description = "Reusable constraint types to use with typing.Annotated"
optional = false
python-versions = ">=3.8"
groups = ["main"]
files = [
    {file = "annotated_types-0.7.0-py3-none-any.whl", hash = "sha256:1f02e8b43a8fbbc3f3e0d4f0f4bfc8131bcb4eebe8849b8e5c773f3a1c582a53"},
    {file = "annotated_types-0.7.0.tar.gz", hash = "sha256:aff07c09a53a08bc8cfccb9c85b05f1aa9a2a6f23728d790723543408344ce89"},
]

[[package]]
name = "click"
version = "8.1.8"
description = "Composable command line interface toolkit"
optional = false
python-versions = ">=3.7"
groups = ["main"]
files = [
    {file = "click-8.1.8-py3-none-any.whl", hash = "sha256:63c132bbbed01578a06712a2d1f497bb62d9c1c0d329b7903a866228027263b2"},
    {file = "click-8.1.8.tar.gz", hash = "sha256:ed53c9d8990d83c2a27deae68e4ee337473f6330c040a31d4225c9574d16096a"},
]

[package.dependencies]
colorama = {version = "*", markers = "platform_system == \"Windows\""}

[[package]]
name = "colorama"
version = "0.4.6"
description = "Cross-platform colored terminal text."
optional = false
python-versions = "!=3.0.*,!=3.1.*,!=3.2.*,!=3.3.*,!=3.4.*,!=3.5.*,!=3.6.*,>=2.7"
groups = ["main"]
markers = "platform_system == \"Windows\""
files = [
    {file = "colorama-0.4.6-py2.py3-none-any.whl", hash = "sha256:4f1d9991f5acc0ca119f9d443620b77f9d6b33703e51011c16baf57afb285fc6"},
    {file = "colorama-0.4.6.tar.gz", hash = "sha256:08695f5cb7ed6e0531a20572697297273c47b8cae5a63ffc6d6ed5c201be6e44"},
]

[[package]]
name = "finecode-extension-api"
version = "0.1.0"
description = ""
optional = false
python-versions = ">=3.11, < 3.14"
groups = ["main"]
files = []
develop = false

[package.dependencies]
pydantic = ">=2.10.6,<3.0.0"
typing-extensions = ">=4.12.2,<5.0.0"

[package.source]
type = "git"
url = "https://github.com/finecode-dev/finecode.git"
reference = "HEAD"
resolved_reference = "80b8f9322334128d30248231175d5154fc1c90f1"
subdirectory = "finecode_extension_api"

[[package]]
name = "grimp"
version = "3.8.2"
description = "Builds a queryable graph of the imports within one or more Python packages."
optional = false
python-versions = ">=3.9"
groups = ["main"]
files = [
    {file = "grimp-3.8.2-cp310-cp310-macosx_10_12_x86_64.whl", hash = "sha256:7491764b2c4292e0c6c74e9f52642632402d0cec55151849df25ca79d8e3b686"},
    {file = "grimp-3.8.2-cp310-cp310-macosx_11_0_arm64.whl", hash = "sha256:c21592970560bc6a5f96683b2fb02756bef9600a3f0962dff33185ca0058344a"},
    {file = "grimp-3.8.2-cp310-cp310-manylinux_2_17_aarch64.manylinux2014_aarch64.whl", hash = "sha256:edb45b50cd5ab09a9c969d42d1d5ec96b56abbc5b35683b9987f4b5669456484"},
    {file = "grimp-3.8.2-cp310-cp310-manylinux_2_17_armv7l.manylinux2014_armv7l.whl", hash = "sha256:c804378c652d6ef33657c994a51207ddaa23a0e0868d1a41a36329befb6c4195"},
    {file = "grimp-3.8.2-cp310-cp310-manylinux_2_17_i686.manylinux2014_i686.whl", hash = "sha256:4345f5026bd5b0d1e8494fd5c0b6c64749ca0e149e733c122f075c0633ec44a8"},
    {file = "grimp-3.8.2-cp310-cp310-manylinux_2_17_ppc64le.manylinux2014_ppc64le.whl", hash = "sha256:4900ac2d8ea0e749cb93cc13fcdad4795f0705b7c9abfcb02d62ab7de2d4e45f"},
    {file = "grimp-3.8.2-cp310-cp310-manylinux_2_17_s390x.manylinux2014_s390x.whl", hash = "sha256:857c3b28641b200eb56eeebf28b9edc394bc2d50d2ab45d25c88a65902a5ec02"},
    {file = "grimp-3.8.2-cp310-cp310-manylinux_2_17_x86_64.manylinux2014_x86_64.whl", hash = "sha256:6c68b8624a1d3218ab6762aa4d1e5e16586b08b19606cd65e324d0fde1098986"},
    {file = "grimp-3.8.2-cp310-cp310-musllinux_1_2_aarch64.whl", hash = "sha256:63797bfdd5bedd6de5c0390d5ebf5eb99e756ca344a6cd1a940d7d92ba734980"},
    {file = "grimp-3.8.2-cp310-cp310-musllinux_1_2_armv7l.whl", hash = "sha256:3cf76b3bbb69e2c5219a791a1e357f43a519e1e055f3b357a18ea2c94dff9eb5"},
    {file = "grimp-3.8.2-cp310-cp310-musllinux_1_2_i686.whl", hash = "sha256:6af8a4157c5a1c1a1d63e6687fa5681dd5d509a769e037de46ea8b648626cb0a"},
    {file = "grimp-3.8.2-cp310-cp310-musllinux_1_2_x86_64.whl", hash = "sha256:dda6cdce017d1a116ab1426a9406b1b6d72c7fcb8b22990845cce260a175b62d"},
    {file = "grimp-3.8.2-cp310-cp310-win32.whl", hash = "sha256:6582338ab39dffa0c2da3e599dbd1d458a954e3fa33f983320621093b1496c40"},
    {file = "grimp-3.8.2-cp310-cp310-win_amd64.whl", hash = "sha256:8db30d1fe2cc9e9f669f53fbabed780c9316bff90d76b0480f98134930eca16a"},
    {file = "grimp-3.8.2-cp311-cp311-macosx_10_12_x86_64.whl", hash = "sha256:66f908a90fd5e3e45a005580ce7e1510eab9cbf8d22a9b65647c73f80055cccb"},
    {file = "grimp-3.8.2-cp311-cp311-macosx_11_0_arm64.whl", hash = "sha256:345c102e05a4c34fcbe7508c156279b276c9b9113bb3dec9d314ff5bf5f2ec37"},
    {file = "grimp-3.8.2-cp311-cp311-manylinux_2_17_aarch64.manylinux2014_aarch64.whl", hash = "sha256:fa4ae46e6d766cbda423c6270d1d3a41f8f6a4fed8764d2c3e1a376fd617a765"},
    {file = "grimp-3.8.2-cp311-cp311-manylinux_2_17_armv7l.manylinux2014_armv7l.whl", hash = "sha256:3e2cb0fb74eb7eb29534d69d78802442ea7551be7ba1b98b7ae5705589d3df31"},
    {file = "grimp-3.8.2-cp311-cp311-manylinux_2_17_i686.manylinux2014_i686.whl", hash = "sha256:ba8436135291eb0b25633b926842ef41df2e9917e42de519a8131d1cbb973256"},
    {file = "grimp-3.8.2-cp311-cp311-manylinux_2_17_ppc64le.manylinux2014_ppc64le.whl", hash = "sha256:7a21ed1c25104ed89ec7b03251e3a4c3b95ab25924825ecfd8c6fbe2a7fbd75e"},
    {file = "grimp-3.8.2-cp311-cp311-manylinux_2_17_s390x.manylinux2014_s390x.whl", hash = "sha256:b05daa9216293e748debd4c17f73bf11fd44597147a518afff86eb64bd0943f6"},
    {file = "grimp-3.8.2-cp311-cp311-manylinux_2_17_x86_64.manylinux2014_x86_64.whl", hash = "sha256:47467cdf5edb90219b92b284ca7c2ab42b8e4555c3293017daff9d92fef6457d"},
    {file = "grimp-3.8.2-cp311-cp311-musllinux_1_2_aarch64.whl", hash = "sha256:40f6b582f65230f098ab288335c9d9e92f62ade8126aadbe31aebbb153aaf14f"},
    {file = "grimp-3.8.2-cp311-cp311-musllinux_1_2_armv7l.whl", hash = "sha256:28035c248cbee4e59e8686b0e4146e3304981a81e7287072281a90f04f3d66f7"},
    {file = "grimp-3.8.2-cp311-cp311-musllinux_1_2_i686.whl", hash = "sha256:d4aef9850dde96130a6ecff0048496d299b87db8c38a0623835dadf196494c1a"},
    {file = "grimp-3.8.2-cp311-cp311-musllinux_1_2_x86_64.whl", hash = "sha256:5c892f816bc6a85708576adf60854fdfae74229397b651852c66be7dc7f7016b"},
    {file = "grimp-3.8.2-cp311-cp311-win32.whl", hash = "sha256:ff33e44cf5f0118a4955fd027b9d53b88207c8e34381933daa31ef93a692d447"},
    {file = "grimp-3.8.2-cp311-cp311-win_amd64.whl", hash = "sha256:61a6855bfcd19c83711dac98da12c85fccdc5e77c3aaf9672cb03f68823261fb"},
    {file = "grimp-3.8.2-cp312-cp312-macosx_10_12_x86_64.whl", hash = "sha256:81ff34e23938032fc7c529d5526edbc046fb43d1a5a6dd5291167ef3955255d3"},
    {file = "grimp-3.8.2-cp312-cp312-macosx_11_0_arm64.whl", hash = "sha256:531c6a311d744f75b42f685183943d721ed0cf67c904671894b0bc307e7c422e"},
    {file = "grimp-3.8.2-cp312-cp312-manylinux_2_17_aarch64.manylinux2014_aarch64.whl", hash = "sha256:2a5dae74b37b29ccf1b86afc7aee56578add35e1184d408c8fa207106b824ae6"},
    {file = "grimp-3.8.2-cp312-cp312-manylinux_2_17_armv7l.manylinux2014_armv7l.whl", hash = "sha256:f357a3615c1f42aec2eb37892916223f63c7222b33c2aa3a3d7b5de713e29158"},
    {file = "grimp-3.8.2-cp312-cp312-manylinux_2_17_i686.manylinux2014_i686.whl", hash = "sha256:75b693e814393cbcb1883c855df5d77fe4884ecd5e4e0245de9eccbb5eeb19aa"},
    {file = "grimp-3.8.2-cp312-cp312-manylinux_2_17_ppc64le.manylinux2014_ppc64le.whl", hash = "sha256:3ec7c50f70478595c47cf64004f40182055a3bfef2712805d134cd234f3b2ddb"},
    {file = "grimp-3.8.2-cp312-cp312-manylinux_2_17_s390x.manylinux2014_s390x.whl", hash = "sha256:a11addfe4c61f8bcc3cf825731470abd6ffd3ab18a87c94dec5c6fe7a1ec96c2"},
    {file = "grimp-3.8.2-cp312-cp312-manylinux_2_17_x86_64.manylinux2014_x86_64.whl", hash = "sha256:4dd4feca3bd71d6e9ea25468ef1e48b1664e99fa56021ba7a4dc737439b302be"},
    {file = "grimp-3.8.2-cp312-cp312-musllinux_1_2_aarch64.whl", hash = "sha256:1b60fa34dd1e488889f9ca4dbc1366a76541f715113ae2e5e5e1c535d4db7944"},
    {file = "grimp-3.8.2-cp312-cp312-musllinux_1_2_armv7l.whl", hash = "sha256:b5d7a8cd6ba593bbe7c0e0c40eced9ad6f404114e2d5abce22e3bf72337c8e76"},
    {file = "grimp-3.8.2-cp312-cp312-musllinux_1_2_i686.whl", hash = "sha256:f5d36dcf4c62bdd91aecd7d260693b417a19a670af12b54f62cf691324e6b640"},
    {file = "grimp-3.8.2-cp312-cp312-musllinux_1_2_x86_64.whl", hash = "sha256:7eaf8fb91e8a7a0de498c7cce82cb5a8fedc34d40640ce2f5a09170ad3321f74"},
    {file = "grimp-3.8.2-cp312-cp312-win32.whl", hash = "sha256:bdd5942aad7bf8d8ce2f1987309fb5666074b8a1513622e65d7fad0d5e53c6a0"},
    {file = "grimp-3.8.2-cp312-cp312-win_amd64.whl", hash = "sha256:effc3433d2ca285130853aa10565d52240ec64cd4590930210b8524e9bc7e7e0"},
    {file = "grimp-3.8.2-cp313-cp313-macosx_10_12_x86_64.whl", hash = "sha256:bc8178dece86f7eefac1c13720f703ee2db3200df87a4eccef810f5f17979ed1"},
    {file = "grimp-3.8.2-cp313-cp313-macosx_11_0_arm64.whl", hash = "sha256:037a7fff978e11070f040b9fd6e4269cfdfed98aeec3b8b6b39504f51cc16b14"},
    {file = "grimp-3.8.2-cp313-cp313-manylinux_2_17_aarch64.manylinux2014_aarch64.whl", hash = "sha256:0ed5f3d6f605af786d44041c3d32e31010e73fa7ad9790604c5d55c9a94a9a3e"},
    {file = "grimp-3.8.2-cp313-cp313-manylinux_2_17_armv7l.manylinux2014_armv7l.whl", hash = "sha256:66dbf8011bef79b4c99b45cc34a07d153d7e943aa7239e89c4435450c364df59"},
    {file = "grimp-3.8.2-cp313-cp313-manylinux_2_17_i686.manylinux2014_i686.whl", hash = "sha256:a42a963d6d6ac7efc5ff4d100797cc41fd947b4c6d048f1af5ba84418e9231d1"},
    {file = "grimp-3.8.2-cp313-cp313-manylinux_2_17_ppc64le.manylinux2014_ppc64le.whl", hash = "sha256:4e4ba4005d924870c6d2c7dc9e2908d424f2fbed001a9aa61f497100ffe007d7"},
    {file = "grimp-3.8.2-cp313-cp313-manylinux_2_17_s390x.manylinux2014_s390x.whl", hash = "sha256:6fbdf475a157577212721455f12ed08cd9fda00612c534b672fa964b22962a40"},
    {file = "grimp-3.8.2-cp313-cp313-manylinux_2_17_x86_64.manylinux2014_x86_64.whl", hash = "sha256:2be94f44acfc590433840336f03091fd2e6a5d42d9dba03b490bbd75e8302532"},
    {file = "grimp-3.8.2-cp313-cp313-musllinux_1_2_aarch64.whl", hash = "sha256:861939fe32beab5caaefacc2d6a4e32a36f1d3fdf9d405c9c6f94b3099f560a8"},
    {file = "grimp-3.8.2-cp313-cp313-musllinux_1_2_armv7l.whl", hash = "sha256:f5e92760b624a6d8b132762328e600d7f13c83b74c770e82ce66d4feaf97591d"},
    {file = "grimp-3.8.2-cp313-cp313-musllinux_1_2_i686.whl", hash = "sha256:693282d7adaa9b98a46c77f15d545b681b39c9e3912abee573f47288e260db69"},
    {file = "grimp-3.8.2-cp313-cp313-musllinux_1_2_x86_64.whl", hash = "sha256:f71e206d27fe1e5c0bfa5e4fb2a8abda735c045b887ed4310b8d36cc7e43640c"},
    {file = "grimp-3.8.2-cp313-cp313-win32.whl", hash = "sha256:b05173750c7729a52ea75fcb5b0a27f3046d02a18a1168051f28e768b616462f"},
    {file = "grimp-3.8.2-cp313-cp313-win_amd64.whl", hash = "sha256:aeabbe0fd705658528600e9adaa01bbb4f4e85456ab648ec2798d41d4c2e6c65"},
    {file = "grimp-3.8.2-cp313-cp313t-manylinux_2_17_aarch64.manylinux2014_aarch64.whl", hash = "sha256:7bf04b5e59eb06bf05694c52d01d344458b05273b984a18fc201d38d3c85ee14"},
    {file = "grimp-3.8.2-cp313-cp313t-manylinux_2_17_armv7l.manylinux2014_armv7l.whl", hash = "sha256:21acca9e4710f7e7abf7d8c5248798c0e5bf0c8034eb3b59f53b9f496649a0e1"},
    {file = "grimp-3.8.2-cp313-cp313t-manylinux_2_17_ppc64le.manylinux2014_ppc64le.whl", hash = "sha256:67d6c4cef6250c020803edd838ace00ab74b1ddf46d41b34ab9b9a4d3bb12ca2"},
    {file = "grimp-3.8.2-cp313-cp313t-manylinux_2_17_s390x.manylinux2014_s390x.whl", hash = "sha256:85c58f2de7e15342b077ac3ff836058f30d5b9f6a94af8e30bfcf5fac55b0f63"},
    {file = "grimp-3.8.2-cp313-cp313t-musllinux_1_2_aarch64.whl", hash = "sha256:01b3041a4dea1ba958b6da9670a017b30dafcb5682de40ff008885939e17d1fd"},
    {file = "grimp-3.8.2-cp313-cp313t-musllinux_1_2_armv7l.whl", hash = "sha256:d117ca9d512134caacb10a4e766e36c1a46a4c5320aa0310f541a7ec961cff68"},
    {file = "grimp-3.8.2-cp313-cp313t-musllinux_1_2_i686.whl", hash = "sha256:880dbfcf11281a39d4107742b230997cee7a8a2e1b954380510cc1e80abb7474"},
    {file = "grimp-3.8.2-cp313-cp313t-musllinux_1_2_x86_64.whl", hash = "sha256:efcc0f7731b8b2f219ef6bec10e4697762d21851abc6aca009ee9b1819f58337"},
    {file = "grimp-3.8.2-cp39-cp39-macosx_10_12_x86_64.whl", hash = "sha256:cee5fcb3a669fa776e5b0580bfd3b1c7489a245571e6f70787e11ce01fb2b10c"},
    {file = "grimp-3.8.2-cp39-cp39-macosx_11_0_arm64.whl", hash = "sha256:dda76e16e1efc639b3fc9ec3845ecfb50b2f6b3503487031168d28ffea7df757"},
    {file = "grimp-3.8.2-cp39-cp39-manylinux_2_17_aarch64.manylinux2014_aarch64.whl", hash = "sha256:0fff1aeeabb0197a9e59d2fa69555fcd2fee99dae77a755e9baed1f4a51c0558"},
    {file = "grimp-3.8.2-cp39-cp39-manylinux_2_17_armv7l.manylinux2014_armv7l.whl", hash = "sha256:4f9d97973833ccd1637ac738178b0a6073546dc2732e952cb4f0afddfc441828"},
    {file = "grimp-3.8.2-cp39-cp39-manylinux_2_17_i686.manylinux2014_i686.whl", hash = "sha256:6aee4c8902d40c47b204ccaa76d3714175b03acd3285bce6bb202444ac5f4d76"},
    {file = "grimp-3.8.2-cp39-cp39-manylinux_2_17_ppc64le.manylinux2014_ppc64le.whl", hash = "sha256:d0176eae585523e042f1d96a2bccdac86a1f8d63f59af1a4cf0c2ae9b05ec143"},
    {file = "grimp-3.8.2-cp39-cp39-manylinux_2_17_s390x.manylinux2014_s390x.whl", hash = "sha256:eb5208953627a5141f2419f989394829a21a7540ea7af9a08eac87ba887b494d"},
    {file = "grimp-3.8.2-cp39-cp39-manylinux_2_17_x86_64.manylinux2014_x86_64.whl", hash = "sha256:2fd168ad9b1608371e33aaf8cfbc5047193ec5dea948f883f7ac6780741a5e51"},
    {file = "grimp-3.8.2-cp39-cp39-musllinux_1_2_aarch64.whl", hash = "sha256:d6bf6f425a6a50d4ac082f443d59d034ad42bb1d54e0c12df4d73d77b9937c14"},
    {file = "grimp-3.8.2-cp39-cp39-musllinux_1_2_armv7l.whl", hash = "sha256:f206cd40bdbe1a5d72ee4b3a0d2c4c094328174d3e1fce764066355c61f33389"},
    {file = "grimp-3.8.2-cp39-cp39-musllinux_1_2_i686.whl", hash = "sha256:8ee2869eb075dffe5f2fe64a722a84aba0d0d5e4234ddec76681d330180168b0"},
    {file = "grimp-3.8.2-cp39-cp39-musllinux_1_2_x86_64.whl", hash = "sha256:65ad42b498d4533fdbb9f8aa36781c19cd8c12d8bdd5b4b0128d8aa2537762c5"},
    {file = "grimp-3.8.2-cp39-cp39-win32.whl", hash = "sha256:c8a4f69da9c912b1c206efb8a34c887ece3ddc9251bed4f308e952b642442cb8"},
    {file = "grimp-3.8.2-cp39-cp39-win_amd64.whl", hash = "sha256:dd3912e4d8bb72c59623ce8910cc130f0625f96e9e1dd542ac0ab3423071ebd3"},
    {file = "grimp-3.8.2-pp310-pypy310_pp73-manylinux_2_17_aarch64.manylinux2014_aarch64.whl", hash = "sha256:1a92ab5151dbd00c1c0346698df8c6fde3375452df7e1ddaadfc3741a06bb126"},
    {file = "grimp-3.8.2-pp310-pypy310_pp73-manylinux_2_17_armv7l.manylinux2014_armv7l.whl", hash = "sha256:693dcbace682ee56be8bdc56991df78eeedbfefabe6c3d627ebaf290cad5c85b"},
    {file = "grimp-3.8.2-pp310-pypy310_pp73-manylinux_2_17_i686.manylinux2014_i686.whl", hash = "sha256:66712866e2fd7916cfad442c376dd34555de609690e9174119d3253139884575"},
    {file = "grimp-3.8.2-pp310-pypy310_pp73-manylinux_2_17_ppc64le.manylinux2014_ppc64le.whl", hash = "sha256:949bba3ee8c353e0b9d7b986c15d380f57e99cd1cf35e28b8e78bf88eea43cd0"},
    {file = "grimp-3.8.2-pp310-pypy310_pp73-manylinux_2_17_s390x.manylinux2014_s390x.whl", hash = "sha256:08a00c232bdf5e145f6adaa5b51012ed3fa26fe8e7309dab15e5a8c33c5f08f6"},
    {file = "grimp-3.8.2-pp310-pypy310_pp73-manylinux_2_17_x86_64.manylinux2014_x86_64.whl", hash = "sha256:b1cdc50039056ef3486bda2d5e86a998b43b21499e93441a343611b8a060d6da"},
    {file = "grimp-3.8.2-pp310-pypy310_pp73-musllinux_1_2_aarch64.whl", hash = "sha256:02e0eb9162152acde649350bd2d08ad2bace7cbc5da9ba2b73e4e81d7dea7a50"},
    {file = "grimp-3.8.2-pp310-pypy310_pp73-musllinux_1_2_armv7l.whl", hash = "sha256:bc88a752a7a0877513a5317b7d611a6db52920484b68ac1df2cd4cdcd0c01d8f"},
    {file = "grimp-3.8.2-pp310-pypy310_pp73-musllinux_1_2_i686.whl", hash = "sha256:abc9252de7c91f2732f55e9c868e7b888fcfa2105ec9d2fb125804d8ae08629a"},
    {file = "grimp-3.8.2-pp310-pypy310_pp73-musllinux_1_2_x86_64.whl", hash = "sha256:c054ec758b02621fa1990cda862acd5a488f3ae7b00faa6e00256185430e1f96"},
    {file = "grimp-3.8.2-pp311-pypy311_pp73-manylinux_2_17_aarch64.manylinux2014_aarch64.whl", hash = "sha256:1b8219c8b45992699a3a5371b44d4ecdc65dff9d63eb82affa521d0c27f57c93"},
    {file = "grimp-3.8.2-pp311-pypy311_pp73-manylinux_2_17_armv7l.manylinux2014_armv7l.whl", hash = "sha256:c33115f0da4ef467d9999e59f50379ad04e7a0a28fff899bd8c957335dc1730e"},
    {file = "grimp-3.8.2-pp311-pypy311_pp73-manylinux_2_17_i686.manylinux2014_i686.whl", hash = "sha256:599fd162e1a5c1a82e7ef3fca86578a5d2f77370245f5e9cf4e37710d0ccd80a"},
    {file = "grimp-3.8.2-pp311-pypy311_pp73-manylinux_2_17_ppc64le.manylinux2014_ppc64le.whl", hash = "sha256:3430b5da08be37b49f8c89d248d27ce73cea8589f9b61faa821deaf303620b86"},
    {file = "grimp-3.8.2-pp311-pypy311_pp73-manylinux_2_17_s390x.manylinux2014_s390x.whl", hash = "sha256:c62f56e338e76cdc5ebcc2bdb27da16363f07113e45b351c4e727e5adf2ac430"},
    {file = "grimp-3.8.2-pp311-pypy311_pp73-manylinux_2_17_x86_64.manylinux2014_x86_64.whl", hash = "sha256:895c7592bc49c330ea29732f3ac019cf11e3b8908b283a00d96967cb453b0700"},
    {file = "grimp-3.8.2-pp311-pypy311_pp73-musllinux_1_2_aarch64.whl", hash = "sha256:ad821f1817e0c5f9349e7f26d95bf739581ec4e66192f31a35ef4230df43b6bd"},
    {file = "grimp-3.8.2-pp311-pypy311_pp73-musllinux_1_2_armv7l.whl", hash = "sha256:535767126106ff3c473bc6e7a6b2f0a09f00118a122b84395a01392801a1e559"},
    {file = "grimp-3.8.2-pp311-pypy311_pp73-musllinux_1_2_i686.whl", hash = "sha256:67b0277476ff74bf99ff150c1938c5d5f01a4927a4991c85d4a08bf53ffab031"},
    {file = "grimp-3.8.2-pp311-pypy311_pp73-musllinux_1_2_x86_64.whl", hash = "sha256:1b22e647257ca0f9561aea5c047c235d3b4400b5391c12284a05c8ed496e38a4"},
    {file = "grimp-3.8.2-pp39-pypy39_pp73-manylinux_2_17_aarch64.manylinux2014_aarch64.whl", hash = "sha256:aebb7731e556b6e55a6731449546e5a883efbe19e62c33b9e9a4f2a0f069535c"},
    {file = "grimp-3.8.2-pp39-pypy39_pp73-manylinux_2_17_armv7l.manylinux2014_armv7l.whl", hash = "sha256:cc1cde95c183673eae10cb4c640c0f63e840f57d94325469df752e0f984f51dc"},
    {file = "grimp-3.8.2-pp39-pypy39_pp73-manylinux_2_17_ppc64le.manylinux2014_ppc64le.whl", hash = "sha256:aa0b75ba61b1ae3bbea3b43e3d89483ca00a9ef3c05462cc08547c1456524213"},
    {file = "grimp-3.8.2-pp39-pypy39_pp73-manylinux_2_17_s390x.manylinux2014_s390x.whl", hash = "sha256:d4cd1d83b2a67e84d271c4dd136f61e738524773f0fc5ca41e7f14982e24d59d"},
    {file = "grimp-3.8.2-pp39-pypy39_pp73-musllinux_1_2_aarch64.whl", hash = "sha256:ffab17fbb0f020befbe56408829213edac4e5d5de23f933d20bd47e57b2d9825"},
    {file = "grimp-3.8.2-pp39-pypy39_pp73-musllinux_1_2_armv7l.whl", hash = "sha256:458384a9a5cdea3e82fc7ff74f507072a8832406aecaf71741b602488e1400e3"},
    {file = "grimp-3.8.2-pp39-pypy39_pp73-musllinux_1_2_i686.whl", hash = "sha256:cbc9f2378c81b7bdc9d126fbd1dd2d46e97ae8f4f05067e9aed092fc5aaa56c2"},
    {file = "grimp-3.8.2-pp39-pypy39_pp73-musllinux_1_2_x86_64.whl", hash = "sha256:9d15f6bf98110a6568f89af1e6932e99bcfae6d2abb8fc51fda15eb94c0ac3a0"},
    {file = "grimp-3.8.2.tar.gz", hash = "sha256:09e442bf06b478bcc0a6a7c2c7ee383709b90127427f8ded4953139828dad292"},
]

[package.dependencies]
joblib = ">=1.3.0"
typing-extensions = ">=3.10.0.0"

[[package]]
name = "import-linter"
version = "2.3"
description = "Enforces rules for the imports within and between Python packages."
optional = false
python-versions = ">=3.9"
groups = ["main"]
files = [
    {file = "import_linter-2.3-py3-none-any.whl", hash = "sha256:5b851776782048ff1be214f1e407ef2e3d30dcb23194e8b852772941811a1258"},
    {file = "import_linter-2.3.tar.gz", hash = "sha256:863646106d52ee5489965670f97a2a78f2c8c68d2d20392322bf0d7cc0111aa7"},
]

[package.dependencies]
click = ">=6"
grimp = ">=3.7"
typing-extensions = ">=3.10.0.0"

[[package]]
name = "joblib"
version = "1.4.2"
description = "Lightweight pipelining with Python functions"
optional = false
python-versions = ">=3.8"
groups = ["main"]
files = [
    {file = "joblib-1.4.2-py3-none-any.whl", hash = "sha256:06d478d5674cbc267e7496a410ee875abd68e4340feff4490bcb7afb88060ae6"},
    {file = "joblib-1.4.2.tar.gz", hash = "sha256:2382c5816b2636fbd20a09e0f4e9dad4736765fdfb7dca582943b9c1366b3f0e"},
]

[[package]]
name = "pydantic"
version = "2.11.4"
description = "Data validation using Python type hints"
optional = false
python-versions = ">=3.9"
groups = ["main"]
files = [
    {file = "pydantic-2.11.4-py3-none-any.whl", hash = "sha256:d9615eaa9ac5a063471da949c8fc16376a84afb5024688b3ff885693506764eb"},
    {file = "pydantic-2.11.4.tar.gz", hash = "sha256:32738d19d63a226a52eed76645a98ee07c1f410ee41d93b4afbfa85ed8111c2d"},
]

[package.dependencies]
annotated-types = ">=0.6.0"
pydantic-core = "2.33.2"
typing-extensions = ">=4.12.2"
typing-inspection = ">=0.4.0"

[package.extras]
email = ["email-validator (>=2.0.0)"]
timezone = ["tzdata ; python_version >= \"3.9\" and platform_system == \"Windows\""]

[[package]]
name = "pydantic-core"
version = "2.33.2"
description = "Core functionality for Pydantic validation and serialization"
optional = false
python-versions = ">=3.9"
groups = ["main"]
files = [
    {file = "pydantic_core-2.33.2-cp310-cp310-macosx_10_12_x86_64.whl", hash = "sha256:2b3d326aaef0c0399d9afffeb6367d5e26ddc24d351dbc9c636840ac355dc5d8"},
    {file = "pydantic_core-2.33.2-cp310-cp310-macosx_11_0_arm64.whl", hash = "sha256:0e5b2671f05ba48b94cb90ce55d8bdcaaedb8ba00cc5359f6810fc918713983d"},
    {file = "pydantic_core-2.33.2-cp310-cp310-manylinux_2_17_aarch64.manylinux2014_aarch64.whl", hash = "sha256:0069c9acc3f3981b9ff4cdfaf088e98d83440a4c7ea1bc07460af3d4dc22e72d"},
    {file = "pydantic_core-2.33.2-cp310-cp310-manylinux_2_17_armv7l.manylinux2014_armv7l.whl", hash = "sha256:d53b22f2032c42eaaf025f7c40c2e3b94568ae077a606f006d206a463bc69572"},
    {file = "pydantic_core-2.33.2-cp310-cp310-manylinux_2_17_ppc64le.manylinux2014_ppc64le.whl", hash = "sha256:0405262705a123b7ce9f0b92f123334d67b70fd1f20a9372b907ce1080c7ba02"},
    {file = "pydantic_core-2.33.2-cp310-cp310-manylinux_2_17_s390x.manylinux2014_s390x.whl", hash = "sha256:4b25d91e288e2c4e0662b8038a28c6a07eaac3e196cfc4ff69de4ea3db992a1b"},
    {file = "pydantic_core-2.33.2-cp310-cp310-manylinux_2_17_x86_64.manylinux2014_x86_64.whl", hash = "sha256:6bdfe4b3789761f3bcb4b1ddf33355a71079858958e3a552f16d5af19768fef2"},
    {file = "pydantic_core-2.33.2-cp310-cp310-manylinux_2_5_i686.manylinux1_i686.whl", hash = "sha256:efec8db3266b76ef9607c2c4c419bdb06bf335ae433b80816089ea7585816f6a"},
    {file = "pydantic_core-2.33.2-cp310-cp310-musllinux_1_1_aarch64.whl", hash = "sha256:031c57d67ca86902726e0fae2214ce6770bbe2f710dc33063187a68744a5ecac"},
    {file = "pydantic_core-2.33.2-cp310-cp310-musllinux_1_1_armv7l.whl", hash = "sha256:f8de619080e944347f5f20de29a975c2d815d9ddd8be9b9b7268e2e3ef68605a"},
    {file = "pydantic_core-2.33.2-cp310-cp310-musllinux_1_1_x86_64.whl", hash = "sha256:73662edf539e72a9440129f231ed3757faab89630d291b784ca99237fb94db2b"},
    {file = "pydantic_core-2.33.2-cp310-cp310-win32.whl", hash = "sha256:0a39979dcbb70998b0e505fb1556a1d550a0781463ce84ebf915ba293ccb7e22"},
    {file = "pydantic_core-2.33.2-cp310-cp310-win_amd64.whl", hash = "sha256:b0379a2b24882fef529ec3b4987cb5d003b9cda32256024e6fe1586ac45fc640"},
    {file = "pydantic_core-2.33.2-cp311-cp311-macosx_10_12_x86_64.whl", hash = "sha256:4c5b0a576fb381edd6d27f0a85915c6daf2f8138dc5c267a57c08a62900758c7"},
    {file = "pydantic_core-2.33.2-cp311-cp311-macosx_11_0_arm64.whl", hash = "sha256:e799c050df38a639db758c617ec771fd8fb7a5f8eaaa4b27b101f266b216a246"},
    {file = "pydantic_core-2.33.2-cp311-cp311-manylinux_2_17_aarch64.manylinux2014_aarch64.whl", hash = "sha256:dc46a01bf8d62f227d5ecee74178ffc448ff4e5197c756331f71efcc66dc980f"},
    {file = "pydantic_core-2.33.2-cp311-cp311-manylinux_2_17_armv7l.manylinux2014_armv7l.whl", hash = "sha256:a144d4f717285c6d9234a66778059f33a89096dfb9b39117663fd8413d582dcc"},
    {file = "pydantic_core-2.33.2-cp311-cp311-manylinux_2_17_ppc64le.manylinux2014_ppc64le.whl", hash = "sha256:73cf6373c21bc80b2e0dc88444f41ae60b2f070ed02095754eb5a01df12256de"},
    {file = "pydantic_core-2.33.2-cp311-cp311-manylinux_2_17_s390x.manylinux2014_s390x.whl", hash = "sha256:3dc625f4aa79713512d1976fe9f0bc99f706a9dee21dfd1810b4bbbf228d0e8a"},
    {file = "pydantic_core-2.33.2-cp311-cp311-manylinux_2_17_x86_64.manylinux2014_x86_64.whl", hash = "sha256:881b21b5549499972441da4758d662aeea93f1923f953e9cbaff14b8b9565aef"},
    {file = "pydantic_core-2.33.2-cp311-cp311-manylinux_2_5_i686.manylinux1_i686.whl", hash = "sha256:bdc25f3681f7b78572699569514036afe3c243bc3059d3942624e936ec93450e"},
    {file = "pydantic_core-2.33.2-cp311-cp311-musllinux_1_1_aarch64.whl", hash = "sha256:fe5b32187cbc0c862ee201ad66c30cf218e5ed468ec8dc1cf49dec66e160cc4d"},
    {file = "pydantic_core-2.33.2-cp311-cp311-musllinux_1_1_armv7l.whl", hash = "sha256:bc7aee6f634a6f4a95676fcb5d6559a2c2a390330098dba5e5a5f28a2e4ada30"},
    {file = "pydantic_core-2.33.2-cp311-cp311-musllinux_1_1_x86_64.whl", hash = "sha256:235f45e5dbcccf6bd99f9f472858849f73d11120d76ea8707115415f8e5ebebf"},
    {file = "pydantic_core-2.33.2-cp311-cp311-win32.whl", hash = "sha256:6368900c2d3ef09b69cb0b913f9f8263b03786e5b2a387706c5afb66800efd51"},
    {file = "pydantic_core-2.33.2-cp311-cp311-win_amd64.whl", hash = "sha256:1e063337ef9e9820c77acc768546325ebe04ee38b08703244c1309cccc4f1bab"},
    {file = "pydantic_core-2.33.2-cp311-cp311-win_arm64.whl", hash = "sha256:6b99022f1d19bc32a4c2a0d544fc9a76e3be90f0b3f4af413f87d38749300e65"},
    {file = "pydantic_core-2.33.2-cp312-cp312-macosx_10_12_x86_64.whl", hash = "sha256:a7ec89dc587667f22b6a0b6579c249fca9026ce7c333fc142ba42411fa243cdc"},
    {file = "pydantic_core-2.33.2-cp312-cp312-macosx_11_0_arm64.whl", hash = "sha256:3c6db6e52c6d70aa0d00d45cdb9b40f0433b96380071ea80b09277dba021ddf7"},
    {file = "pydantic_core-2.33.2-cp312-cp312-manylinux_2_17_aarch64.manylinux2014_aarch64.whl", hash = "sha256:4e61206137cbc65e6d5256e1166f88331d3b6238e082d9f74613b9b765fb9025"},
    {file = "pydantic_core-2.33.2-cp312-cp312-manylinux_2_17_armv7l.manylinux2014_armv7l.whl", hash = "sha256:eb8c529b2819c37140eb51b914153063d27ed88e3bdc31b71198a198e921e011"},
    {file = "pydantic_core-2.33.2-cp312-cp312-manylinux_2_17_ppc64le.manylinux2014_ppc64le.whl", hash = "sha256:c52b02ad8b4e2cf14ca7b3d918f3eb0ee91e63b3167c32591e57c4317e134f8f"},
    {file = "pydantic_core-2.33.2-cp312-cp312-manylinux_2_17_s390x.manylinux2014_s390x.whl", hash = "sha256:96081f1605125ba0855dfda83f6f3df5ec90c61195421ba72223de35ccfb2f88"},
    {file = "pydantic_core-2.33.2-cp312-cp312-manylinux_2_17_x86_64.manylinux2014_x86_64.whl", hash = "sha256:8f57a69461af2a5fa6e6bbd7a5f60d3b7e6cebb687f55106933188e79ad155c1"},
    {file = "pydantic_core-2.33.2-cp312-cp312-manylinux_2_5_i686.manylinux1_i686.whl", hash = "sha256:572c7e6c8bb4774d2ac88929e3d1f12bc45714ae5ee6d9a788a9fb35e60bb04b"},
    {file = "pydantic_core-2.33.2-cp312-cp312-musllinux_1_1_aarch64.whl", hash = "sha256:db4b41f9bd95fbe5acd76d89920336ba96f03e149097365afe1cb092fceb89a1"},
    {file = "pydantic_core-2.33.2-cp312-cp312-musllinux_1_1_armv7l.whl", hash = "sha256:fa854f5cf7e33842a892e5c73f45327760bc7bc516339fda888c75ae60edaeb6"},
    {file = "pydantic_core-2.33.2-cp312-cp312-musllinux_1_1_x86_64.whl", hash = "sha256:5f483cfb75ff703095c59e365360cb73e00185e01aaea067cd19acffd2ab20ea"},
    {file = "pydantic_core-2.33.2-cp312-cp312-win32.whl", hash = "sha256:9cb1da0f5a471435a7bc7e439b8a728e8b61e59784b2af70d7c169f8dd8ae290"},
    {file = "pydantic_core-2.33.2-cp312-cp312-win_amd64.whl", hash = "sha256:f941635f2a3d96b2973e867144fde513665c87f13fe0e193c158ac51bfaaa7b2"},
    {file = "pydantic_core-2.33.2-cp312-cp312-win_arm64.whl", hash = "sha256:cca3868ddfaccfbc4bfb1d608e2ccaaebe0ae628e1416aeb9c4d88c001bb45ab"},
    {file = "pydantic_core-2.33.2-cp313-cp313-macosx_10_12_x86_64.whl", hash = "sha256:1082dd3e2d7109ad8b7da48e1d4710c8d06c253cbc4a27c1cff4fbcaa97a9e3f"},
    {file = "pydantic_core-2.33.2-cp313-cp313-macosx_11_0_arm64.whl", hash = "sha256:f517ca031dfc037a9c07e748cefd8d96235088b83b4f4ba8939105d20fa1dcd6"},
    {file = "pydantic_core-2.33.2-cp313-cp313-manylinux_2_17_aarch64.manylinux2014_aarch64.whl", hash = "sha256:0a9f2c9dd19656823cb8250b0724ee9c60a82f3cdf68a080979d13092a3b0fef"},
    {file = "pydantic_core-2.33.2-cp313-cp313-manylinux_2_17_armv7l.manylinux2014_armv7l.whl", hash = "sha256:2b0a451c263b01acebe51895bfb0e1cc842a5c666efe06cdf13846c7418caa9a"},
    {file = "pydantic_core-2.33.2-cp313-cp313-manylinux_2_17_ppc64le.manylinux2014_ppc64le.whl", hash = "sha256:1ea40a64d23faa25e62a70ad163571c0b342b8bf66d5fa612ac0dec4f069d916"},
    {file = "pydantic_core-2.33.2-cp313-cp313-manylinux_2_17_s390x.manylinux2014_s390x.whl", hash = "sha256:0fb2d542b4d66f9470e8065c5469ec676978d625a8b7a363f07d9a501a9cb36a"},
    {file = "pydantic_core-2.33.2-cp313-cp313-manylinux_2_17_x86_64.manylinux2014_x86_64.whl", hash = "sha256:9fdac5d6ffa1b5a83bca06ffe7583f5576555e6c8b3a91fbd25ea7780f825f7d"},
    {file = "pydantic_core-2.33.2-cp313-cp313-manylinux_2_5_i686.manylinux1_i686.whl", hash = "sha256:04a1a413977ab517154eebb2d326da71638271477d6ad87a769102f7c2488c56"},
    {file = "pydantic_core-2.33.2-cp313-cp313-musllinux_1_1_aarch64.whl", hash = "sha256:c8e7af2f4e0194c22b5b37205bfb293d166a7344a5b0d0eaccebc376546d77d5"},
    {file = "pydantic_core-2.33.2-cp313-cp313-musllinux_1_1_armv7l.whl", hash = "sha256:5c92edd15cd58b3c2d34873597a1e20f13094f59cf88068adb18947df5455b4e"},
    {file = "pydantic_core-2.33.2-cp313-cp313-musllinux_1_1_x86_64.whl", hash = "sha256:65132b7b4a1c0beded5e057324b7e16e10910c106d43675d9bd87d4f38dde162"},
    {file = "pydantic_core-2.33.2-cp313-cp313-win32.whl", hash = "sha256:52fb90784e0a242bb96ec53f42196a17278855b0f31ac7c3cc6f5c1ec4811849"},
    {file = "pydantic_core-2.33.2-cp313-cp313-win_amd64.whl", hash = "sha256:c083a3bdd5a93dfe480f1125926afcdbf2917ae714bdb80b36d34318b2bec5d9"},
    {file = "pydantic_core-2.33.2-cp313-cp313-win_arm64.whl", hash = "sha256:e80b087132752f6b3d714f041ccf74403799d3b23a72722ea2e6ba2e892555b9"},
    {file = "pydantic_core-2.33.2-cp313-cp313t-macosx_11_0_arm64.whl", hash = "sha256:61c18fba8e5e9db3ab908620af374db0ac1baa69f0f32df4f61ae23f15e586ac"},
    {file = "pydantic_core-2.33.2-cp313-cp313t-manylinux_2_17_x86_64.manylinux2014_x86_64.whl", hash = "sha256:95237e53bb015f67b63c91af7518a62a8660376a6a0db19b89acc77a4d6199f5"},
    {file = "pydantic_core-2.33.2-cp313-cp313t-win_amd64.whl", hash = "sha256:c2fc0a768ef76c15ab9238afa6da7f69895bb5d1ee83aeea2e3509af4472d0b9"},
    {file = "pydantic_core-2.33.2-cp39-cp39-macosx_10_12_x86_64.whl", hash = "sha256:a2b911a5b90e0374d03813674bf0a5fbbb7741570dcd4b4e85a2e48d17def29d"},
    {file = "pydantic_core-2.33.2-cp39-cp39-macosx_11_0_arm64.whl", hash = "sha256:6fa6dfc3e4d1f734a34710f391ae822e0a8eb8559a85c6979e14e65ee6ba2954"},
    {file = "pydantic_core-2.33.2-cp39-cp39-manylinux_2_17_aarch64.manylinux2014_aarch64.whl", hash = "sha256:c54c939ee22dc8e2d545da79fc5381f1c020d6d3141d3bd747eab59164dc89fb"},
    {file = "pydantic_core-2.33.2-cp39-cp39-manylinux_2_17_armv7l.manylinux2014_armv7l.whl", hash = "sha256:53a57d2ed685940a504248187d5685e49eb5eef0f696853647bf37c418c538f7"},
    {file = "pydantic_core-2.33.2-cp39-cp39-manylinux_2_17_ppc64le.manylinux2014_ppc64le.whl", hash = "sha256:09fb9dd6571aacd023fe6aaca316bd01cf60ab27240d7eb39ebd66a3a15293b4"},
    {file = "pydantic_core-2.33.2-cp39-cp39-manylinux_2_17_s390x.manylinux2014_s390x.whl", hash = "sha256:0e6116757f7959a712db11f3e9c0a99ade00a5bbedae83cb801985aa154f071b"},
    {file = "pydantic_core-2.33.2-cp39-cp39-manylinux_2_17_x86_64.manylinux2014_x86_64.whl", hash = "sha256:8d55ab81c57b8ff8548c3e4947f119551253f4e3787a7bbc0b6b3ca47498a9d3"},
    {file = "pydantic_core-2.33.2-cp39-cp39-manylinux_2_5_i686.manylinux1_i686.whl", hash = "sha256:c20c462aa4434b33a2661701b861604913f912254e441ab8d78d30485736115a"},
    {file = "pydantic_core-2.33.2-cp39-cp39-musllinux_1_1_aarch64.whl", hash = "sha256:44857c3227d3fb5e753d5fe4a3420d6376fa594b07b621e220cd93703fe21782"},
    {file = "pydantic_core-2.33.2-cp39-cp39-musllinux_1_1_armv7l.whl", hash = "sha256:eb9b459ca4df0e5c87deb59d37377461a538852765293f9e6ee834f0435a93b9"},
    {file = "pydantic_core-2.33.2-cp39-cp39-musllinux_1_1_x86_64.whl", hash = "sha256:9fcd347d2cc5c23b06de6d3b7b8275be558a0c90549495c699e379a80bf8379e"},
    {file = "pydantic_core-2.33.2-cp39-cp39-win32.whl", hash = "sha256:83aa99b1285bc8f038941ddf598501a86f1536789740991d7d8756e34f1e74d9"},
    {file = "pydantic_core-2.33.2-cp39-cp39-win_amd64.whl", hash = "sha256:f481959862f57f29601ccced557cc2e817bce7533ab8e01a797a48b49c9692b3"},
    {file = "pydantic_core-2.33.2-pp310-pypy310_pp73-macosx_10_12_x86_64.whl", hash = "sha256:5c4aa4e82353f65e548c476b37e64189783aa5384903bfea4f41580f255fddfa"},
    {file = "pydantic_core-2.33.2-pp310-pypy310_pp73-macosx_11_0_arm64.whl", hash = "sha256:d946c8bf0d5c24bf4fe333af284c59a19358aa3ec18cb3dc4370080da1e8ad29"},
    {file = "pydantic_core-2.33.2-pp310-pypy310_pp73-manylinux_2_17_aarch64.manylinux2014_aarch64.whl", hash = "sha256:87b31b6846e361ef83fedb187bb5b4372d0da3f7e28d85415efa92d6125d6e6d"},
    {file = "pydantic_core-2.33.2-pp310-pypy310_pp73-manylinux_2_17_x86_64.manylinux2014_x86_64.whl", hash = "sha256:aa9d91b338f2df0508606f7009fde642391425189bba6d8c653afd80fd6bb64e"},
    {file = "pydantic_core-2.33.2-pp310-pypy310_pp73-manylinux_2_5_i686.manylinux1_i686.whl", hash = "sha256:2058a32994f1fde4ca0480ab9d1e75a0e8c87c22b53a3ae66554f9af78f2fe8c"},
    {file = "pydantic_core-2.33.2-pp310-pypy310_pp73-musllinux_1_1_aarch64.whl", hash = "sha256:0e03262ab796d986f978f79c943fc5f620381be7287148b8010b4097f79a39ec"},
    {file = "pydantic_core-2.33.2-pp310-pypy310_pp73-musllinux_1_1_armv7l.whl", hash = "sha256:1a8695a8d00c73e50bff9dfda4d540b7dee29ff9b8053e38380426a85ef10052"},
    {file = "pydantic_core-2.33.2-pp310-pypy310_pp73-musllinux_1_1_x86_64.whl", hash = "sha256:fa754d1850735a0b0e03bcffd9d4b4343eb417e47196e4485d9cca326073a42c"},
    {file = "pydantic_core-2.33.2-pp310-pypy310_pp73-win_amd64.whl", hash = "sha256:a11c8d26a50bfab49002947d3d237abe4d9e4b5bdc8846a63537b6488e197808"},
    {file = "pydantic_core-2.33.2-pp311-pypy311_pp73-macosx_10_12_x86_64.whl", hash = "sha256:dd14041875d09cc0f9308e37a6f8b65f5585cf2598a53aa0123df8b129d481f8"},
    {file = "pydantic_core-2.33.2-pp311-pypy311_pp73-macosx_11_0_arm64.whl", hash = "sha256:d87c561733f66531dced0da6e864f44ebf89a8fba55f31407b00c2f7f9449593"},
    {file = "pydantic_core-2.33.2-pp311-pypy311_pp73-manylinux_2_17_aarch64.manylinux2014_aarch64.whl", hash = "sha256:2f82865531efd18d6e07a04a17331af02cb7a651583c418df8266f17a63c6612"},
    {file = "pydantic_core-2.33.2-pp311-pypy311_pp73-manylinux_2_17_x86_64.manylinux2014_x86_64.whl", hash = "sha256:2bfb5112df54209d820d7bf9317c7a6c9025ea52e49f46b6a2060104bba37de7"},
    {file = "pydantic_core-2.33.2-pp311-pypy311_pp73-manylinux_2_5_i686.manylinux1_i686.whl", hash = "sha256:64632ff9d614e5eecfb495796ad51b0ed98c453e447a76bcbeeb69615079fc7e"},
    {file = "pydantic_core-2.33.2-pp311-pypy311_pp73-musllinux_1_1_aarch64.whl", hash = "sha256:f889f7a40498cc077332c7ab6b4608d296d852182211787d4f3ee377aaae66e8"},
    {file = "pydantic_core-2.33.2-pp311-pypy311_pp73-musllinux_1_1_armv7l.whl", hash = "sha256:de4b83bb311557e439b9e186f733f6c645b9417c84e2eb8203f3f820a4b988bf"},
    {file = "pydantic_core-2.33.2-pp311-pypy311_pp73-musllinux_1_1_x86_64.whl", hash = "sha256:82f68293f055f51b51ea42fafc74b6aad03e70e191799430b90c13d643059ebb"},
    {file = "pydantic_core-2.33.2-pp311-pypy311_pp73-win_amd64.whl", hash = "sha256:329467cecfb529c925cf2bbd4d60d2c509bc2fb52a20c1045bf09bb70971a9c1"},
    {file = "pydantic_core-2.33.2-pp39-pypy39_pp73-macosx_10_12_x86_64.whl", hash = "sha256:87acbfcf8e90ca885206e98359d7dca4bcbb35abdc0ff66672a293e1d7a19101"},
    {file = "pydantic_core-2.33.2-pp39-pypy39_pp73-macosx_11_0_arm64.whl", hash = "sha256:7f92c15cd1e97d4b12acd1cc9004fa092578acfa57b67ad5e43a197175d01a64"},
    {file = "pydantic_core-2.33.2-pp39-pypy39_pp73-manylinux_2_17_aarch64.manylinux2014_aarch64.whl", hash = "sha256:d3f26877a748dc4251cfcfda9dfb5f13fcb034f5308388066bcfe9031b63ae7d"},
    {file = "pydantic_core-2.33.2-pp39-pypy39_pp73-manylinux_2_17_x86_64.manylinux2014_x86_64.whl", hash = "sha256:dac89aea9af8cd672fa7b510e7b8c33b0bba9a43186680550ccf23020f32d535"},
    {file = "pydantic_core-2.33.2-pp39-pypy39_pp73-manylinux_2_5_i686.manylinux1_i686.whl", hash = "sha256:970919794d126ba8645f3837ab6046fb4e72bbc057b3709144066204c19a455d"},
    {file = "pydantic_core-2.33.2-pp39-pypy39_pp73-musllinux_1_1_aarch64.whl", hash = "sha256:3eb3fe62804e8f859c49ed20a8451342de53ed764150cb14ca71357c765dc2a6"},
    {file = "pydantic_core-2.33.2-pp39-pypy39_pp73-musllinux_1_1_armv7l.whl", hash = "sha256:3abcd9392a36025e3bd55f9bd38d908bd17962cc49bc6da8e7e96285336e2bca"},
    {file = "pydantic_core-2.33.2-pp39-pypy39_pp73-musllinux_1_1_x86_64.whl", hash = "sha256:3a1c81334778f9e3af2f8aeb7a960736e5cab1dfebfb26aabca09afd2906c039"},
    {file = "pydantic_core-2.33.2-pp39-pypy39_pp73-win_amd64.whl", hash = "sha256:2807668ba86cb38c6817ad9bc66215ab8584d1d304030ce4f0887336f28a5e27"},
    {file = "pydantic_core-2.33.2.tar.gz", hash = "sha256:7cb8bc3605c29176e1b105350d2e6474142d7c1bd1d9327c4a9bdb46bf827acc"},
]

[package.dependencies]
typing-extensions = ">=4.6.0,<4.7.0 || >4.7.0"

[[package]]
name = "typing-extensions"
version = "4.13.2"
description = "Backported and Experimental Type Hints for Python 3.8+"
optional = false
python-versions = ">=3.8"
groups = ["main"]
files = [
    {file = "typing_extensions-4.13.2-py3-none-any.whl", hash = "sha256:a439e7c04b49fec3e5d3e2beaa21755cadbbdc391694e28ccdd36ca4a1408f8c"},
    {file = "typing_extensions-4.13.2.tar.gz", hash = "sha256:e6c81219bd689f51865d9e372991c540bda33a0379d5573cddb9a3a23f7caaef"},
]

[[package]]
name = "typing-inspection"
version = "0.4.0"
description = "Runtime typing introspection tools"
optional = false
python-versions = ">=3.9"
groups = ["main"]
files = [
    {file = "typing_inspection-0.4.0-py3-none-any.whl", hash = "sha256:50e72559fcd2a6367a19f7a7e610e6afcb9fac940c650290eed893d61386832f"},
    {file = "typing_inspection-0.4.0.tar.gz", hash = "sha256:9765c87de36671694a67904bf2c96e395be9c6439bb6c87b5142569dcdd65122"},
]

[package.dependencies]
typing-extensions = ">=4.12.0"

[metadata]
lock-version = "2.1"
python-versions = ">= 3.11, < 3.14"
content-hash = "99cd12c76631d7240fede4b8d01d223df338f07c600376d5d7bdb6684add8940"
