# generated by rye
# use `rye lock` or `rye sync` to update this lockfile
#
# last locked with the following flags:
#   pre: false
#   features: []
#   all-features: false
#   with-sources: false
#   generate-hashes: false
#   universal: false

-e file:.
charz-core==0.1.1
    # via charz
colex==0.3.1
    # via charz
linflex==0.3.1
    # via charz-core
typing-extensions==4.14.0
    # via charz-core
    # via linflex
